# Examples of content blocks
-
  _valid: true
  _name: 'text-h1-join-evolution'
  _data:
    id: "9a502705-bb6c-4b03-95ee-492dbdd295e4"
    item: "8a342d34-bdc1-427d-9b34-4b3392828d69"
    type: "h1"
    src: null
    html: "<h1>AI Websites That Design Themselves</h1>"
    metadata:
      title: "Join the Evolution"
      datePublished: "2014-10-05T04:37:05.900Z"
      description: "AI Websites That Design Themselves\nJoin the Evolution\n\n\nBecome a Founding Member"
      "@type": "Product"
      "@context": "http://schema.org"
      author: []
    score: 0,
    created_at: '2014-05-08T13:22:59.000Z'
    updated_at: null
    text: "AI Websites That Design Themselves"
    length: 34
-
  _valid: true
  _name: 'image-d4-withface'
  _data:
    id: "bdcc6765-114a-4184-977d-b01d3132ef69"
    item: "b04d3a7f-689f-4bc5-a7c6-304b39f271f3"
    type: "image"
    src: "https://s3-us-west-2.amazonaws.com/cdn.thegrid.io/team/Dan.png"
    html: "<img src=\"https://s3-us-west-2.amazonaws.com/cdn.thegrid.io/team/Dan.png\" title=\"Dan Tocchini\" alt=\"Creator of GSS (Grid Style Sheets) and Partner of D4 Interactive Agency. Producing interactive works for Audi, Microsoft and more.\">"
    metadata:
      title: "Dan Tocchini"
      tags: [ "team" ]
      description: "The Team"
      "@context": "http://schema.org"
      "@type": "Person"
      author: []
      caption: "Creator of GSS (Grid Style Sheets) and Partner of D4 Interactive Agency. Producing interactive works for Audi, Microsoft and more."
      jobTitle: "Founder and CEO"
      starred: true
      coverPrefs:
        crop: true
        filter: true
        overlay: true
    score: 2
    created_at: '2014-05-08T13:22:59.000Z'
    updated_at: '2014-05-08T15:22:59.000Z'
    title: "Dan Tocchini"
    caption: "Creator of GSS (Grid Style Sheets) and Partner of D4 Interactive Agency. Producing interactive works for Audi, Microsoft and more."
    cover:
      orientation: "landscape"
      src: "https://s3-us-west-2.amazonaws.com/cdn.thegrid.io/team/Dan.png"
      ratio: "217:216"
      width: 217
      height: 216
      faces:
        -
          x: 50.61038563900384
          y: 70.03941296843249
          width: 63.029722675405246
          height: 63.029722675405246
          neighbors: 4
          confidence: 0.4109060300000006
      colors:
        - [ 213, 188, 135 ]
        - [ 59, 50, 90 ]
        - [ 139, 114, 114 ]
        - [ 112, 104, 140 ]
        - [ 148, 148, 164 ]
-
  _valid: true
  _name: 'interactive'
  _data:
    id: "bdcc6765-114a-4184-977d-b01d3132ef69"
    type: 'interactive'
    html: '<iframe src="https://google.com"></iframe>'
-
  _valid: true
  _name: 'placeholder'
  _data:
    id: "bdcc6765-114a-4184-977d-b01d3132ef69"
    type: 'placeholder'
-
  _valid: false
  _name: 'text-h1-join-evolution-invalid-author'
  _data:
    id: "9a502705-bb6c-4b03-95ee-492dbdd295e4"
    item: "8a342d34-bdc1-427d-9b34-4b3392828d69"
    type: "h1"
    src: null
    html: "<h1>AI Websites That Design Themselves</h1>"
    metadata:
      title: "Join the Evolution"
      datePublished: "2014-10-05T04:37:05.900Z"
      description: "AI Websites That Design Themselves\nJoin the Evolution\n\n\nBecome a Founding Member"
      "@type": "Product"
      "@context": "http://schema.org"
      author: 'Not an object'
    score: 0,
    created_at: '2014-05-08 13:22:59'
    updated_at: null
    text: "AI Websites That Design Themselves"
    length: 34
-
  _valid: false
  _name: 'missing-type'
  _data:
    id: "bdcc6765-114a-4184-977d-b01d3132ef69"
    item: "b04d3a7f-689f-4bc5-a7c6-304b39f271f3"
    html: "<p></p>"
-
  _valid: false
  _name: 'missing-html'
  _data:
    id: "bdcc6765-114a-4184-977d-b01d3132ef69"
    item: "b04d3a7f-689f-4bc5-a7c6-304b39f271f3"
    type: "h3"
-
  _valid: false
  _name: 'empty-html'
  _data:
    id: "bdcc6765-114a-4184-977d-b01d3132ef69"
    item: "b04d3a7f-689f-4bc5-a7c6-304b39f271f3"
    type: "h2"
    html: ""
-
  _valid: false
  _name: 'invalid-type'
  _data:
    id: "bdcc6765-114a-4184-977d-b01d3132ef69"
    item: "b04d3a7f-689f-4bc5-a7c6-304b39f271f3"
    type: "monkey"
    html: "<p></p>"
-
  _valid: false
  _name: 'invalid-item'
  _data:
    id: "bdcc6765-114a-4184-977d-b01d3132ef69"
    item: "b04d3a7f-"
    type: "text"
    html: "<p></p>"
-
  _valid: false
  _name: 'invalid-id'
  _data:
    id: "ogaboga"
    item: "bdcc6765-114a-4184-977d-b01d3132ef69"
    type: "text"
    html: "<p></p>"
-
  _valid: false
  _name: 'invalid-cover-prefs'
  _data:
    id: "bdcc6765-114a-4184-977d-b01d3132ef69"
    item: "b04d3a7f-689f-4bc5-a7c6-304b39f271f3"
    type: "article"
    html: "<p></p>"
    metadata:
      coverPrefs:
        crop: "false"
-
  _valid: false
  _name: 'invalid-created-at'
  _data:
    id: "9a502705-bb6c-4b03-95ee-492dbdd295e4"
    item: "8a342d34-bdc1-427d-9b34-4b3392828d69"
    type: "h1"
    src: null
    html: "<h1>AI Websites That Design Themselves</h1>"
    metadata:
      title: "Join the Evolution"
      datePublished: "2014-10-05T04:37:05.900Z"
      description: "AI Websites That Design Themselves\nJoin the Evolution\n\n\nBecome a Founding Member"
      "@type": "Product"
      "@context": "http://schema.org"
      author: []
    score: 0,
    created_at: 'helloworld'
    updated_at: null
    text: "AI Websites That Design Themselves"
    length: 34
-
  _valid: false
  _name: 'invalid-author'
  _data:
    id: "9a502705-bb6c-4b03-95ee-492dbdd295e4"
    item: "8a342d34-bdc1-427d-9b34-4b3392828d69"
    type: "h1"
    src: null
    html: "<h1>AI Websites That Design Themselves</h1>"
    metadata:
      title: "Join the Evolution"
      datePublished: "2014-10-05T04:37:05.900Z"
      description: "AI Websites That Design Themselves\nJoin the Evolution\n\n\nBecome a Founding Member"
      "@type": "Product"
      "@context": "http://schema.org"
      author:
        name: 'Some Person'
    score: 0,
    created_at: '2014-05-08T13:22:59.000Z'
    updated_at: null
    text: "AI Websites That Design Themselves"
    length: 34
-
  _valid: false
  _name: 'text-without-type'
  _data:
    id: "bdcc6765-114a-4184-977d-b01d3132ef69"
    html: "<p>Foo bar</p>"
-
  _valid: false
  _name: 'text-without-html'
  _data:
    id: "bdcc6765-114a-4184-977d-b01d3132ef69"
    type: 'text'
-
  _valid: false
  _name: "text-with-invalid-id"
  _data:
    id: "bdcc677d-b01d3132ef69"
    type: "text"
    html: "<p>Foo bar</p>"
-
  _valid: false
  _name: "text-with-invalid-type"
  _data:
    id: "bdcc6765-114a-4184-977d-b01d3132ef69"
    type: "textual"
    html: "<p>Foo bar</p>"
-
  _valid: false
  _name: "text-with-invalid-html"
  _data:
    id: "bdcc6765-114a-4184-977d-b01d3132ef69"
    type: "text"
    html: "<p>/p>"
-
  _valid: false
  _name: "text-with-invalid-id-type"
  _data:
    id: 4242
    type: "text"
    html: "<p>Foo bar</p>"
-
  _valid: false
  _name: "text-with-invalid-type-type"
  _data:
    id: "bdcc6765-114a-4184-977d-b01d3132ef69"
    type: 31337
    html: "<p>Foo bar</p>"
-
  _valid: false
  _name: "text-with-invalid-html-type"
  _data:
    id: "bdcc6765-114a-4184-977d-b01d3132ef69"
    type: "text"
    html: 73
-
  _valid: false
  _name: "text-with-invalid-measurements"
  _data:
    id: "bdcc6765-114a-4184-977d-b01d3132ef69"
    type: "text"
    html: "<p>Foo bar</p>"
    text: "Foo bar"
    length: "7"
-
  _valid: false
  _name: "cta-without-type"
  _data:
    id: "bdcc6765-114a-4184-977d-b01d3132ef69"
    cta: "71bfc2e0-4a96-11e4-916c-0800200c9a66"
    verb: "purchase"
    price: "96"
    html: '<button data-uuid="71bfc2e0-4a96-11e4-916c-0800200c9a66" data-role="cta" data-verb="purchase" data-price="96">Buy now</button>'
    label: "Buy now"
    length: 7
-
  _valid: false
  _name: "cta-without-uuid"
  _data:
    id: "bdcc6765-114a-4184-977d-b01d3132ef69"
    verb: "purchase"
    price: "96"
    html: '<button data-uuid="71bfc2e0-4a96-11e4-916c-0800200c9a66" data-role="cta" data-verb="purchase" data-price="96">Buy now</button>'
    label: "Buy now"
    length: 7
-
  _valid: false
  _name: "cta-without-verb"
  _data:
    id: "bdcc6765-114a-4184-977d-b01d3132ef69"
    cta: "71bfc2e0-4a96-11e4-916c-0800200c9a66"
    price: "96"
    html: '<button data-uuid="71bfc2e0-4a96-11e4-916c-0800200c9a66" data-role="cta" data-verb="purchase" data-price="96">Buy now</button>'
    label: "Buy now"
    length: 7
-
  _valid: false
  _name: "cta-without-price"
  _data:
    id: "bdcc6765-114a-4184-977d-b01d3132ef69"
    cta: "71bfc2e0-4a96-11e4-916c-0800200c9a66"
    verb: "purchase"
    html: '<button data-uuid="71bfc2e0-4a96-11e4-916c-0800200c9a66" data-role="cta" data-verb="purchase" data-price="96">Buy now</button>'
    label: "Buy now"
    length: 7
-
  _valid: false
  _name: "cta-without-html"
  _data:
    id: "bdcc6765-114a-4184-977d-b01d3132ef69"
    cta: "71bfc2e0-4a96-11e4-916c-0800200c9a66"
    verb: "purchase"
    price: "96"
-
  _valid: false
  _name: "cta-with-invalid-id"
  _data:
    id: "bdcc6765-114a-4184b01d3132ef69"
    type: "cta"
    cta: "71bfc2e0-4a96-11e4-916c-0800200c9a66"
    verb: "purchase"
    price: "96"
    html: '<button data-uuid="71bfc2e0-4a96-11e4-916c-0800200c9a66" data-role="cta" data-verb="purchase" data-price="96">Buy now</button>'
-
  _valid: false
  _name: "cta-with-invalid-type"
  _data:
    id: "bdcc6765-114a-4184-977d-b01d3132ef69"
    type: "foobar"
    cta: "71bfc2e0-4a96-11e4-916c-0800200c9a66"
    verb: "purchase"
    price: "96"
    html: '<button data-uuid="71bfc2e0-4a96-11e4-916c-0800200c9a66" data-role="cta" data-verb="purchase" data-price="96">Buy now</button>'
-
  _valid: false
  _name: "cta-with-invalid-uuid"
  _data:
    id: "bdcc6765-114a-4184-977d-b01d3132ef69"
    type: "cta"
    cta: "71bfc2e0-4a96-11e4-916c-08002"
    verb: "purchase"
    price: "96"
    html: '<button data-uuid="71bfc2e0-4a96-11e4-916c-0800200c9a66" data-role="cta" data-verb="purchase" data-price="96">Buy now</button>'
-
  _valid: false
  _name: "cta-with-invalid-verb"
  _data:
    id: "bdcc6765-114a-4184-977d-b01d3132ef69"
    type: "cta"
    cta: "71bfc2e0-4a96-11e4-916c-0800200c9a66"
    verb: 42
    price: "96"
    html: '<button data-uuid="71bfc2e0-4a96-11e4-916c-0800200c9a66" data-role="cta" data-verb="purchase" data-price="96">Buy now</button>'
-
  _valid: false
  _name: "cta-with-invalid-price"
  _data:
    id: "bdcc6765-114a-4184-977d-b01d3132ef69"
    type: "cta"
    cta: "71bfc2e0-4a96-11e4-916c-0800200c9a66"
    verb: "purchase"
    price: 96
    html: '<button data-uuid="71bfc2e0-4a96-11e4-916c-0800200c9a66" data-role="cta" data-verb="purchase" data-price="96">Buy now</button>'
-
  _valid: false
  _name: "cta-with-invalid-html"
  _data:
    id: "bdcc6765-114a-4184-977d-b01d3132ef69"
    type: "cta"
    cta: "71bfc2e0-4a96-11e4-916c-0800200c9a66"
    verb: "purchase"
    price: "96"
    html: 31337
-
  _valid: false
  _name: "cta-with-invalid-text"
  _data:
    id: "bdcc6765-114a-4184-977d-b01d3132ef69"
    type: "cta"
    cta: "71bfc2e0-4a96-11e4-916c-0800200c9a66"
    verb: "purchase"
    price: "96"
    html: '<button data-uuid="71bfc2e0-4a96-11e4-916c-0800200c9a66" data-role="cta" data-verb="purchase" data-price="96">Buy now</button>'
    label: 42
-
  _valid: false
  _name: "cta-with-invalid-text-length"
  _data:
    id: "bdcc6765-114a-4184-977d-b01d3132ef69"
    type: "cta"
    cta: "71bfc2e0-4a96-11e4-916c-0800200c9a66"
    verb: "purchase"
    price: "96"
    html: '<button data-uuid="71bfc2e0-4a96-11e4-916c-0800200c9a66" data-role="cta" data-verb="purchase" data-price="96">Buy now</button>'
    label: "Foo bar"
    length: "7"
-
  _valid: false
  _name: "list-without-type"
  _data:
    id: "bdcc6765-114a-4184-977d-b01d3132ef69"
    html: "<ul><li>Foo</li><li>Bar</li></ul>"
-
  _valid: false
  _name: "list-without-html"
  _data:
    id: "bdcc6765-114a-4184-977d-b01d3132ef69"
    type: "list"
-
  _valid: false
  _name: "list-with-invalid-id"
  _data:
    id: "bdcc6765-114a-41977d-b01d3132ef69"
    type: "list"
    html: "<ul><li>Foo</li><li>Bar</li></ul>"
    items: 2
-
  _valid: false
  _name: "list-with-invalid-id-type"
  _data:
    id: 31337
    type: "list"
    html: "<ul><li>Foo</li><li>Bar</li></ul>"
-
  _valid: false
  _name: "list-with-invalid-type"
  _data:
    id: "bdcc6765-114a-4184-977d-b01d3132ef69"
    type: "bazinga"
    html: "<ul><li>Foo</li><li>Bar</li></ul>"
-
  _valid: false
  _name: "list-with-invalid-type-type"
  _data:
    id: "bdcc6765-114a-4184-977d-b01d3132ef69"
    type: 73
    html: "<ul><li>Foo</li><li>Bar</li></ul>"
-
  _valid: false
  _name: "list-with-invalid-html"
  _data:
    id: "bdcc6765-114a-4184-977d-b01d3132ef69"
    type: "list"
    html: "<a></>"
-
  _valid: false
  _name: "list-with-invalid-html-type"
  _data:
    id: "bdcc6765-114a-4184-977d-b01d3132ef69"
    type: "list"
    html: 42
-
  _valid: false
  _name: "valid-audio-without-type"
  _data:
    id: "bdcc6765-114a-4184-977d-b01d3132ef69"
    html: '<audio></audio>'
-
  _valid: false
  _name: "audio-with-invalid-id"
  _data:
    id: "bdcc6765-444444d-b01d3132ef69"
    type: "audio"
    html: '<audio></audio>'
-
  _valid: false
  _name: "valid-audio-with-invalid-type"
  _data:
    id: "bdcc6765-114a-4184-977d-b01d3132ef69"
    type: "audi0"
-
  _valid: false
  _name: "audio-with-invalid-id-type"
  _data:
    id: 42
    type: "audio"
    html: '<audio></audio>'
-
  _valid: false
  _name: "valid-audio-with-invalid-type-type"
  _data:
    id: "bdcc6765-114a-4184-977d-b01d3132ef69"
    type: 42
-
  _valid: false
  _name: "location-without-id"
  _data:
    type: "location"
    html: "<p>4242 Blue St. San Francisco, CA</p>"
-
  _valid: false
  _name: "location-without-type"
  _data:
    id: "bdcc6765-114a-4184-977d-b01d3132ef69"
    html: "<p>4242 Blue St. San Francisco, CA</p>"
-
  _valid: false
  _name: "location-without-html"
  _data:
    id: "bdcc6765-114a-4184-977d-b01d3132ef69"
    type: "location"
-
  _valid: false
  _name: "location-with-invalid-id"
  _data:
    id: "bdcc677d-b01d3132ef69"
    type: "location"
    html: "<p>4242 Blue St. San Francisco, CA</p>"
-
  _valid: false
  _name: "location-with-invalid-type"
  _data:
    id: "bdcc6765-114a-4184-977d-b01d3132ef69"
    type: "l0c4t10n"
    html: "<p>4242 Blue St. San Francisco, CA</p>"
-
  _valid: false
  _name: "location-with-invalid-html"
  _data:
    id: "bdcc6765-114a-4184-977d-b01d3132ef69"
    type: "location"
    html: "<p>/p>"
-
  _valid: false
  _name: "location-with-invalid-id-type"
  _data:
    id: 4242
    type: "location"
    html: "<p>4242 Blue St. San Francisco, CA</p>"
-
  _valid: false
  _name: "location-with-invalid-type-type"
  _data:
    id: "bdcc6765-114a-4184-977d-b01d3132ef69"
    type: 31337
    html: "<p>4242 Blue St. San Francisco, CA</p>"
-
  _valid: false
  _name: "location-with-invalid-html-type"
  _data:
    id: "bdcc6765-114a-4184-977d-b01d3132ef69"
    type: "location"
    html: 73
-
  _valid: false
  _name: "valid-video-without-type"
  _data:
    id: "bdcc6765-114a-4184-977d-b01d3132ef69"
    html: '<iframe src="//www.youtube.com/embed/P5cdlLTqb24?list=UUnPE7t9tqwcsO0LLyw5zuPQ"></iframe>'
-
  _valid: false
  _name: "video-with-invalid-id"
  _data:
    id: "bdcc6765-444444d-b01d3132ef69"
    type: "video"
    html: '<iframe src="//www.youtube.com/embed/P5cdlLTqb24?list=UUnPE7t9tqwcsO0LLyw5zuPQ"></iframe>'
-
  _valid: false
  _name: "valid-video-with-invalid-type"
  _data:
    id: "bdcc6765-114a-4184-977d-b01d3132ef69"
    type: "videozzzz"
-
  _valid: false
  _name: "video-with-invalid-id-type"
  _data:
    id: 42
    type: "video"
    html: '<iframe src="//www.youtube.com/embed/P5cdlLTqb24?list=UUnPE7t9tqwcsO0LLyw5zuPQ"></iframe>'
-
  _valid: false
  _name: "valid-video-with-invalid-type-type"
  _data:
    id: "bdcc6765-114a-4184-977d-b01d3132ef69"
    type: 42
-
  _valid: false
  _name: "code-without-type"
  _data:
    id: "1b103049-732b-4450-a04b-9181f2b0e024"
    html: "<pre>var baz;</pre>"
-
  _valid: false
  _name: "code-without-html"
  _data:
    id: "1b103049-732b-4450-a04b-9181f2b0e024"
    type: "code"
-
  _valid: false
  _name: "code-with-invalid-id"
  _data:
    id: "bdcc677d-b01d3132ef69"
    type: "code"
    html: "<pre>var qux;</pre>"
-
  _valid: false
  _name: "code-with-invalid-type"
  _data:
    id: "bdcc6765-114a-4184-977d-b01d3132ef69"
    type: "textual"
    html: "<pre>// Foo bar</pre>"
-
  _valid: false
  _name: "code-with-invalid-html"
  _data:
    id: "bdcc6765-114a-4184-977d-b01d3132ef69"
    type: "code"
    html: "<p>/p"
-
  _valid: false
  _name: "code-with-invalid-id-type"
  _data:
    id: 666
    type: "code"
    html: "<pre>// Foo bar</pre>"
-
  _valid: false
  _name: "code-with-invalid-type-type"
  _data:
    id: "bdcc6765-114a-4184-977d-b01d3132ef69"
    type: 31337
    html: "<pre>var foo = baz + 42;</pre>"
-
  _valid: false
  _name: "code-with-invalid-html-type"
  _data:
    id: "bdcc6765-114a-4184-977d-b01d3132ef69"
    type: "text"
    html: 42
-
  _valid: false
  _name: "code-with-invalid-measurements"
  _data:
    id: "bdcc6765-114a-4184-977d-b01d3132ef69"
    type: "text"
    html: "<pre>var foo = 42;</pre>"
    text: "var foo = 42;"
    length: "13"
